{
  "name": "worldcup2026-live",
  "version": "1.0.0",
  "lockfileVersion": 3,
  "requires": true,
  "packages": {
    "": {
      "name": "worldcup2026-live",
      "version": "1.0.0",
      "dependencies": {
        "pebble-clay": "github:brooks2564/pebble-clay-flint"
      }
    },
    "node_modules/pebble-clay": {
      "version": "1.0.4-flint",
      "resolved": "git+ssh://git@github.com/brooks2564/pebble-clay-flint.git#e89ae22db5076e645c852836883d07f108bf40ee",
      "license": "MIT"
    }
  }
}
